
Microsoft Visual Studio Solution File, Format Version 12.00
# Visual Studio 15
VisualStudioVersion = 15.0.27703.2000
MinimumVisualStudioVersion = 10.0.40219.1
Project("{FAE04EC0-301F-11D3-BF4B-00C04F79EFBC}") = "NWord2Vec", "NWord2Vec\NWord2Vec.csproj", "{A058189C-3DBF-487E-95BC-905B139F38BE}"
EndProject
Project("{FAE04EC0-301F-11D3-BF4B-00C04F79EFBC}") = "NWord2Vec.Tests", "NWord2Vec.Tests\NWord2Vec.Tests.csproj", "{D5A944A9-C99F-42BC-A38B-25B4C72ACE22}"
EndProject
Project("{FAE04EC0-301F-11D3-BF4B-00C04F79EFBC}") = "TestConsole", "TestConsole\TestConsole.csproj", "{AD58891F-4CD5-4F52-9045-7A54E7CA6137}"
EndProject
Project("{FAE04EC0-301F-11D3-BF4B-00C04F79EFBC}") = "DBModelConnector", "DBModelConnector\DBModelConnector.csproj", "{6CCFAADC-6019-44A5-8C81-3925E3BFC34E}"
EndProject
Global
	GlobalSection(SolutionConfigurationPlatforms) = preSolution
		Debug|Any CPU = Debug|Any CPU
		Release|Any CPU = Release|Any CPU
	EndGlobalSection
	GlobalSection(ProjectConfigurationPlatforms) = postSolution
		{A058189C-3DBF-487E-95BC-905B139F38BE}.Debug|Any CPU.ActiveCfg = Debug|Any CPU
		{A058189C-3DBF-487E-95BC-905B139F38BE}.Debug|Any CPU.Build.0 = Debug|Any CPU
		{A058189C-3DBF-487E-95BC-905B139F38BE}.Release|Any CPU.ActiveCfg = Release|Any CPU
		{A058189C-3DBF-487E-95BC-905B139F38BE}.Release|Any CPU.Build.0 = Release|Any CPU
		{D5A944A9-C99F-42BC-A38B-25B4C72ACE22}.Debug|Any CPU.ActiveCfg = Debug|Any CPU
		{D5A944A9-C99F-42BC-A38B-25B4C72ACE22}.Debug|Any CPU.Build.0 = Debug|Any CPU
		{D5A944A9-C99F-42BC-A38B-25B4C72ACE22}.Release|Any CPU.ActiveCfg = Release|Any CPU
		{D5A944A9-C99F-42BC-A38B-25B4C72ACE22}.Release|Any CPU.Build.0 = Release|Any CPU
		{AD58891F-4CD5-4F52-9045-7A54E7CA6137}.Debug|Any CPU.ActiveCfg = Debug|Any CPU
		{AD58891F-4CD5-4F52-9045-7A54E7CA6137}.Debug|Any CPU.Build.0 = Debug|Any CPU
		{AD58891F-4CD5-4F52-9045-7A54E7CA6137}.Release|Any CPU.ActiveCfg = Release|Any CPU
		{AD58891F-4CD5-4F52-9045-7A54E7CA6137}.Release|Any CPU.Build.0 = Release|Any CPU
		{6CCFAADC-6019-44A5-8C81-3925E3BFC34E}.Debug|Any CPU.ActiveCfg = Debug|Any CPU
		{6CCFAADC-6019-44A5-8C81-3925E3BFC34E}.Debug|Any CPU.Build.0 = Debug|Any CPU
		{6CCFAADC-6019-44A5-8C81-3925E3BFC34E}.Release|Any CPU.ActiveCfg = Release|Any CPU
		{6CCFAADC-6019-44A5-8C81-3925E3BFC34E}.Release|Any CPU.Build.0 = Release|Any CPU
	EndGlobalSection
	GlobalSection(SolutionProperties) = preSolution
		HideSolutionNode = FALSE
	EndGlobalSection
	GlobalSection(ExtensibilityGlobals) = postSolution
		SolutionGuid = {99032669-ABD7-4635-8C6D-3B0D1DD28CFF}
	EndGlobalSection
EndGlobal
